
Microsoft Visual Studio Solution File, Format Version 12.00
# Visual Studio Version 16
VisualStudioVersion = 16.0.28803.352
MinimumVisualStudioVersion = 10.0.40219.1
Project("{FAE04EC0-301F-11D3-BF4B-00C04F79EFBC}") = "UI", "UI.csproj", "{6B2FB8A4-9DD4-40AD-B4B8-F57E4122C8AA}"
EndProject
Global
	GlobalSection(SolutionConfigurationPlatforms) = preSolution
		Debug|Any CPU = Debug|Any CPU
		Release|Any CPU = Release|Any CPU
	EndGlobalSection
	GlobalSection(ProjectConfigurationPlatforms) = postSolution
		{6B2FB8A4-9DD4-40AD-B4B8-F57E4122C8AA}.Debug|Any CPU.ActiveCfg = Debug|Any CPU
		{6B2FB8A4-9DD4-40AD-B4B8-F57E4122C8AA}.Debug|Any CPU.Build.0 = Debug|Any CPU
		{6B2FB8A4-9DD4-40AD-B4B8-F57E4122C8AA}.Release|Any CPU.ActiveCfg = Release|Any CPU
		{6B2FB8A4-9DD4-40AD-B4B8-F57E4122C8AA}.Release|Any CPU.Build.0 = Release|Any CPU
	EndGlobalSection
	GlobalSection(SolutionProperties) = preSolution
		HideSolutionNode = FALSE
	EndGlobalSection
	GlobalSection(ExtensibilityGlobals) = postSolution
		SolutionGuid = {B1E647C8-944B-4639-8961-E0DE0E5A26DE}
	EndGlobalSection
EndGlobal
